
Microsoft Visual Studio Solution File, Format Version 12.00
Project("{FAE04EC0-301F-11D3-BF4B-00C04F79EFBC}") = "TaskMaster_ToDoLy", "TaskMaster_ToDoLy\TaskMaster_ToDoLy.csproj", "{5461035B-42D2-4331-8EF2-7B393B363220}"
EndProject
Global
	GlobalSection(SolutionConfigurationPlatforms) = preSolution
		Debug|Any CPU = Debug|Any CPU
		Release|Any CPU = Release|Any CPU
	EndGlobalSection
	GlobalSection(ProjectConfigurationPlatforms) = postSolution
		{5461035B-42D2-4331-8EF2-7B393B363220}.Debug|Any CPU.ActiveCfg = Debug|Any CPU
		{5461035B-42D2-4331-8EF2-7B393B363220}.Debug|Any CPU.Build.0 = Debug|Any CPU
		{5461035B-42D2-4331-8EF2-7B393B363220}.Release|Any CPU.ActiveCfg = Release|Any CPU
		{5461035B-42D2-4331-8EF2-7B393B363220}.Release|Any CPU.Build.0 = Release|Any CPU
	EndGlobalSection
EndGlobal
